// !$*UTF8*$!
{
	archiveVersion = 1;
	classes = {
	};
	objectVersion = 50;
	objects = {

/* Begin PBXBuildFile section */
		FF09E05B2196881100271171 /* DirectPassRenderer.m in Sources */ = {isa = PBXBuildFile; fileRef = FF09E05A2196881100271171 /* DirectPassRenderer.m */; };
		FF09E05C2196881100271171 /* DirectPassRenderer.m in Sources */ = {isa = PBXBuildFile; fileRef = FF09E05A2196881100271171 /* DirectPassRenderer.m */; };
		FF0ADC1B21951B5E0016074F /* AVAudioSession+RouteUtils.m in Sources */ = {isa = PBXBuildFile; fileRef = FF0ADC1A21951B5E0016074F /* AVAudioSession+RouteUtils.m */; };
		FF0ADC1C21951B5E0016074F /* AVAudioSession+RouteUtils.m in Sources */ = {isa = PBXBuildFile; fileRef = FF0ADC1A21951B5E0016074F /* AVAudioSession+RouteUtils.m */; };
		FF0ADC1F21951C230016074F /* ELAudioSession.m in Sources */ = {isa = PBXBuildFile; fileRef = FF0ADC1E21951C230016074F /* ELAudioSession.m */; };
		FF0ADC2021951C230016074F /* ELAudioSession.m in Sources */ = {isa = PBXBuildFile; fileRef = FF0ADC1E21951C230016074F /* ELAudioSession.m */; };
		FF0ADC2321951C500016074F /* AudioOutput.m in Sources */ = {isa = PBXBuildFile; fileRef = FF0ADC2221951C500016074F /* AudioOutput.m */; };
		FF0ADC2421951C500016074F /* AudioOutput.m in Sources */ = {isa = PBXBuildFile; fileRef = FF0ADC2221951C500016074F /* AudioOutput.m */; };
		FF0ADC2721952B090016074F /* VideoOutput.m in Sources */ = {isa = PBXBuildFile; fileRef = FF0ADC2621952B090016074F /* VideoOutput.m */; };
		FF0ADC2821952B090016074F /* VideoOutput.m in Sources */ = {isa = PBXBuildFile; fileRef = FF0ADC2621952B090016074F /* VideoOutput.m */; };
		FF0ADC2C21952F9C0016074F /* BaseEffectFilter.m in Sources */ = {isa = PBXBuildFile; fileRef = FF0ADC2B21952F9C0016074F /* BaseEffectFilter.m */; };
		FF0ADC2D21952F9C0016074F /* BaseEffectFilter.m in Sources */ = {isa = PBXBuildFile; fileRef = FF0ADC2B21952F9C0016074F /* BaseEffectFilter.m */; };
		FF661581219922700068EB11 /* YUVFrameCopier.m in Sources */ = {isa = PBXBuildFile; fileRef = FF661580219922700068EB11 /* YUVFrameCopier.m */; };
		FF661582219922700068EB11 /* YUVFrameCopier.m in Sources */ = {isa = PBXBuildFile; fileRef = FF661580219922700068EB11 /* YUVFrameCopier.m */; };
		FF661585219924650068EB11 /* ContrastEnhancerFilter.m in Sources */ = {isa = PBXBuildFile; fileRef = FF661584219924650068EB11 /* ContrastEnhancerFilter.m */; };
		FF661586219924650068EB11 /* ContrastEnhancerFilter.m in Sources */ = {isa = PBXBuildFile; fileRef = FF661584219924650068EB11 /* ContrastEnhancerFilter.m */; };
		FF66158A219965310068EB11 /* CommonUtil.m in Sources */ = {isa = PBXBuildFile; fileRef = FF661589219965310068EB11 /* CommonUtil.m */; };
		FF66158B219965310068EB11 /* CommonUtil.m in Sources */ = {isa = PBXBuildFile; fileRef = FF661589219965310068EB11 /* CommonUtil.m */; };
		FF66158E219966900068EB11 /* AVSynchronizer.m in Sources */ = {isa = PBXBuildFile; fileRef = FF66158D219966900068EB11 /* AVSynchronizer.m */; };
		FF66158F219966900068EB11 /* AVSynchronizer.m in Sources */ = {isa = PBXBuildFile; fileRef = FF66158D219966900068EB11 /* AVSynchronizer.m */; };
		FF6CD9C6219A5C810089A198 /* VideoPlayerViewController.m in Sources */ = {isa = PBXBuildFile; fileRef = FF6CD9C5219A5C810089A198 /* VideoPlayerViewController.m */; };
		FF6CD9C7219A5C810089A198 /* VideoPlayerViewController.m in Sources */ = {isa = PBXBuildFile; fileRef = FF6CD9C5219A5C810089A198 /* VideoPlayerViewController.m */; };
		FF6CD9CA219A7AF80089A198 /* ELVideoViewPlayerController.m in Sources */ = {isa = PBXBuildFile; fileRef = FF6CD9C9219A7AF80089A198 /* ELVideoViewPlayerController.m */; };
		FF6CD9CB219A7AF80089A198 /* ELVideoViewPlayerController.m in Sources */ = {isa = PBXBuildFile; fileRef = FF6CD9C9219A7AF80089A198 /* ELVideoViewPlayerController.m */; };
		FF6CD9CE219A7B1A0089A198 /* LoadingView.m in Sources */ = {isa = PBXBuildFile; fileRef = FF6CD9CD219A7B1A0089A198 /* LoadingView.m */; };
		FF6CD9CF219A7B1A0089A198 /* LoadingView.m in Sources */ = {isa = PBXBuildFile; fileRef = FF6CD9CD219A7B1A0089A198 /* LoadingView.m */; };
		FF6CD9D1219AB28E0089A198 /* ViewController.xib in Resources */ = {isa = PBXBuildFile; fileRef = FF6CD9D0219AB28E0089A198 /* ViewController.xib */; };
		FF6CD9D2219AB28E0089A198 /* ViewController.xib in Resources */ = {isa = PBXBuildFile; fileRef = FF6CD9D0219AB28E0089A198 /* ViewController.xib */; };
		FF6CD9D4219AB6500089A198 /* test.flv in Resources */ = {isa = PBXBuildFile; fileRef = FF6CD9D3219AB6500089A198 /* test.flv */; };
		FF6CD9D5219AB6500089A198 /* test.flv in Resources */ = {isa = PBXBuildFile; fileRef = FF6CD9D3219AB6500089A198 /* test.flv */; };
		FF7F0434218D3A0D000BFA74 /* AppDelegate.m in Sources */ = {isa = PBXBuildFile; fileRef = FF7F0433218D3A0D000BFA74 /* AppDelegate.m */; };
		FF7F0437218D3A0D000BFA74 /* ViewController.m in Sources */ = {isa = PBXBuildFile; fileRef = FF7F0436218D3A0D000BFA74 /* ViewController.m */; };
		FF7F043A218D3A0D000BFA74 /* Main.storyboard in Resources */ = {isa = PBXBuildFile; fileRef = FF7F0438218D3A0D000BFA74 /* Main.storyboard */; };
		FF7F043C218D3A0E000BFA74 /* Assets.xcassets in Resources */ = {isa = PBXBuildFile; fileRef = FF7F043B218D3A0E000BFA74 /* Assets.xcassets */; };
		FF7F043F218D3A0E000BFA74 /* LaunchScreen.storyboard in Resources */ = {isa = PBXBuildFile; fileRef = FF7F043D218D3A0E000BFA74 /* LaunchScreen.storyboard */; };
		FF7F0442218D3A0E000BFA74 /* main.m in Sources */ = {isa = PBXBuildFile; fileRef = FF7F0441218D3A0E000BFA74 /* main.m */; };
		FF7F044C218D3A0E000BFA74 /* videoPlayerTests.m in Sources */ = {isa = PBXBuildFile; fileRef = FF7F044B218D3A0E000BFA74 /* videoPlayerTests.m */; };
		FF7F04D6218D4173000BFA74 /* libavutil.a in Frameworks */ = {isa = PBXBuildFile; fileRef = FF7F0458218D4173000BFA74 /* libavutil.a */; };
		FF7F04D7218D4173000BFA74 /* libavutil.a in Frameworks */ = {isa = PBXBuildFile; fileRef = FF7F0458218D4173000BFA74 /* libavutil.a */; };
		FF7F04D8218D4173000BFA74 /* libavfilter.a in Frameworks */ = {isa = PBXBuildFile; fileRef = FF7F0459218D4173000BFA74 /* libavfilter.a */; };
		FF7F04D9218D4173000BFA74 /* libavfilter.a in Frameworks */ = {isa = PBXBuildFile; fileRef = FF7F0459218D4173000BFA74 /* libavfilter.a */; };
		FF7F04DA218D4173000BFA74 /* libavcodec.a in Frameworks */ = {isa = PBXBuildFile; fileRef = FF7F045A218D4173000BFA74 /* libavcodec.a */; };
		FF7F04DB218D4173000BFA74 /* libavcodec.a in Frameworks */ = {isa = PBXBuildFile; fileRef = FF7F045A218D4173000BFA74 /* libavcodec.a */; };
		FF7F04DC218D4173000BFA74 /* libavformat.a in Frameworks */ = {isa = PBXBuildFile; fileRef = FF7F045B218D4173000BFA74 /* libavformat.a */; };
		FF7F04DD218D4173000BFA74 /* libavformat.a in Frameworks */ = {isa = PBXBuildFile; fileRef = FF7F045B218D4173000BFA74 /* libavformat.a */; };
		FF7F04DE218D4173000BFA74 /* libavdevice.a in Frameworks */ = {isa = PBXBuildFile; fileRef = FF7F045C218D4173000BFA74 /* libavdevice.a */; };
		FF7F04DF218D4173000BFA74 /* libavdevice.a in Frameworks */ = {isa = PBXBuildFile; fileRef = FF7F045C218D4173000BFA74 /* libavdevice.a */; };
		FF7F04E0218D4173000BFA74 /* libswresample.a in Frameworks */ = {isa = PBXBuildFile; fileRef = FF7F045D218D4173000BFA74 /* libswresample.a */; };
		FF7F04E1218D4173000BFA74 /* libswresample.a in Frameworks */ = {isa = PBXBuildFile; fileRef = FF7F045D218D4173000BFA74 /* libswresample.a */; };
		FF7F04E2218D4173000BFA74 /* libswscale.a in Frameworks */ = {isa = PBXBuildFile; fileRef = FF7F045E218D4173000BFA74 /* libswscale.a */; };
		FF7F04E3218D4173000BFA74 /* libswscale.a in Frameworks */ = {isa = PBXBuildFile; fileRef = FF7F045E218D4173000BFA74 /* libswscale.a */; };
		FF7F04E6218D41A4000BFA74 /* libz.tbd in Frameworks */ = {isa = PBXBuildFile; fileRef = FF7F04E5218D41A3000BFA74 /* libz.tbd */; };
		FF7F04E8218D41AE000BFA74 /* libbz2.tbd in Frameworks */ = {isa = PBXBuildFile; fileRef = FF7F04E7218D41AE000BFA74 /* libbz2.tbd */; };
		FF7F04EA218D41B7000BFA74 /* libiconv.tbd in Frameworks */ = {isa = PBXBuildFile; fileRef = FF7F04E9218D41B7000BFA74 /* libiconv.tbd */; };
		FF7F04EC218D41C0000BFA74 /* CoreGraphics.framework in Frameworks */ = {isa = PBXBuildFile; fileRef = FF7F04EB218D41C0000BFA74 /* CoreGraphics.framework */; };
		FF7F04EE218D41C7000BFA74 /* CoreMedia.framework in Frameworks */ = {isa = PBXBuildFile; fileRef = FF7F04ED218D41C7000BFA74 /* CoreMedia.framework */; };
		FF7F04F0218D41D1000BFA74 /* VideoToolbox.framework in Frameworks */ = {isa = PBXBuildFile; fileRef = FF7F04EF218D41D1000BFA74 /* VideoToolbox.framework */; };
		FF7F04F2218D41D7000BFA74 /* AudioToolbox.framework in Frameworks */ = {isa = PBXBuildFile; fileRef = FF7F04F1218D41D7000BFA74 /* AudioToolbox.framework */; };
		FF7F04F4218D41DC000BFA74 /* AVFoundation.framework in Frameworks */ = {isa = PBXBuildFile; fileRef = FF7F04F3218D41DC000BFA74 /* AVFoundation.framework */; };
		FF7F04F6218D41E2000BFA74 /* CoreVideo.framework in Frameworks */ = {isa = PBXBuildFile; fileRef = FF7F04F5218D41E2000BFA74 /* CoreVideo.framework */; };
		FFB93300218FDAB700CD2100 /* VideoDecoder.m in Sources */ = {isa = PBXBuildFile; fileRef = FFB932FF218FDAB700CD2100 /* VideoDecoder.m */; };
		FFB93301218FDAB700CD2100 /* VideoDecoder.m in Sources */ = {isa = PBXBuildFile; fileRef = FFB932FF218FDAB700CD2100 /* VideoDecoder.m */; };
/* End PBXBuildFile section */

/* Begin PBXContainerItemProxy section */
		FF7F0448218D3A0E000BFA74 /* PBXContainerItemProxy */ = {
			isa = PBXContainerItemProxy;
			containerPortal = FF7F0427218D3A0D000BFA74 /* Project object */;
			proxyType = 1;
			remoteGlobalIDString = FF7F042E218D3A0D000BFA74;
			remoteInfo = videoPlayer;
		};
/* End PBXContainerItemProxy section */

/* Begin PBXFileReference section */
		FF09E0592196881100271171 /* DirectPassRenderer.h */ = {isa = PBXFileReference; lastKnownFileType = sourcecode.c.h; path = DirectPassRenderer.h; sourceTree = "<group>"; };
		FF09E05A2196881100271171 /* DirectPassRenderer.m */ = {isa = PBXFileReference; lastKnownFileType = sourcecode.c.objc; path = DirectPassRenderer.m; sourceTree = "<group>"; };
		FF0ADC1921951B5E0016074F /* AVAudioSession+RouteUtils.h */ = {isa = PBXFileReference; lastKnownFileType = sourcecode.c.h; path = "AVAudioSession+RouteUtils.h"; sourceTree = "<group>"; };
		FF0ADC1A21951B5E0016074F /* AVAudioSession+RouteUtils.m */ = {isa = PBXFileReference; lastKnownFileType = sourcecode.c.objc; path = "AVAudioSession+RouteUtils.m"; sourceTree = "<group>"; };
		FF0ADC1D21951C230016074F /* ELAudioSession.h */ = {isa = PBXFileReference; lastKnownFileType = sourcecode.c.h; path = ELAudioSession.h; sourceTree = "<group>"; };
		FF0ADC1E21951C230016074F /* ELAudioSession.m */ = {isa = PBXFileReference; lastKnownFileType = sourcecode.c.objc; path = ELAudioSession.m; sourceTree = "<group>"; };
		FF0ADC2121951C500016074F /* AudioOutput.h */ = {isa = PBXFileReference; lastKnownFileType = sourcecode.c.h; path = AudioOutput.h; sourceTree = "<group>"; };
		FF0ADC2221951C500016074F /* AudioOutput.m */ = {isa = PBXFileReference; lastKnownFileType = sourcecode.c.objc; path = AudioOutput.m; sourceTree = "<group>"; };
		FF0ADC2521952B090016074F /* VideoOutput.h */ = {isa = PBXFileReference; lastKnownFileType = sourcecode.c.h; path = VideoOutput.h; sourceTree = "<group>"; };
		FF0ADC2621952B090016074F /* VideoOutput.m */ = {isa = PBXFileReference; lastKnownFileType = sourcecode.c.objc; path = VideoOutput.m; sourceTree = "<group>"; };
		FF0ADC2A21952F9C0016074F /* BaseEffectFilter.h */ = {isa = PBXFileReference; lastKnownFileType = sourcecode.c.h; path = BaseEffectFilter.h; sourceTree = "<group>"; };
		FF0ADC2B21952F9C0016074F /* BaseEffectFilter.m */ = {isa = PBXFileReference; lastKnownFileType = sourcecode.c.objc; path = BaseEffectFilter.m; sourceTree = "<group>"; };
		FF66157F219922700068EB11 /* YUVFrameCopier.h */ = {isa = PBXFileReference; lastKnownFileType = sourcecode.c.h; path = YUVFrameCopier.h; sourceTree = "<group>"; };
		FF661580219922700068EB11 /* YUVFrameCopier.m */ = {isa = PBXFileReference; lastKnownFileType = sourcecode.c.objc; path = YUVFrameCopier.m; sourceTree = "<group>"; };
		FF661583219924650068EB11 /* ContrastEnhancerFilter.h */ = {isa = PBXFileReference; lastKnownFileType = sourcecode.c.h; path = ContrastEnhancerFilter.h; sourceTree = "<group>"; };
		FF661584219924650068EB11 /* ContrastEnhancerFilter.m */ = {isa = PBXFileReference; lastKnownFileType = sourcecode.c.objc; path = ContrastEnhancerFilter.m; sourceTree = "<group>"; };
		FF661588219965310068EB11 /* CommonUtil.h */ = {isa = PBXFileReference; lastKnownFileType = sourcecode.c.h; path = CommonUtil.h; sourceTree = "<group>"; };
		FF661589219965310068EB11 /* CommonUtil.m */ = {isa = PBXFileReference; lastKnownFileType = sourcecode.c.objc; path = CommonUtil.m; sourceTree = "<group>"; };
		FF66158C219966900068EB11 /* AVSynchronizer.h */ = {isa = PBXFileReference; lastKnownFileType = sourcecode.c.h; path = AVSynchronizer.h; sourceTree = "<group>"; };
		FF66158D219966900068EB11 /* AVSynchronizer.m */ = {isa = PBXFileReference; lastKnownFileType = sourcecode.c.objc; path = AVSynchronizer.m; sourceTree = "<group>"; };
		FF6CD9C4219A5C810089A198 /* VideoPlayerViewController.h */ = {isa = PBXFileReference; lastKnownFileType = sourcecode.c.h; path = VideoPlayerViewController.h; sourceTree = "<group>"; };
		FF6CD9C5219A5C810089A198 /* VideoPlayerViewController.m */ = {isa = PBXFileReference; lastKnownFileType = sourcecode.c.objc; path = VideoPlayerViewController.m; sourceTree = "<group>"; };
		FF6CD9C8219A7AF80089A198 /* ELVideoViewPlayerController.h */ = {isa = PBXFileReference; lastKnownFileType = sourcecode.c.h; path = ELVideoViewPlayerController.h; sourceTree = "<group>"; };
		FF6CD9C9219A7AF80089A198 /* ELVideoViewPlayerController.m */ = {isa = PBXFileReference; lastKnownFileType = sourcecode.c.objc; path = ELVideoViewPlayerController.m; sourceTree = "<group>"; };
		FF6CD9CC219A7B1A0089A198 /* LoadingView.h */ = {isa = PBXFileReference; lastKnownFileType = sourcecode.c.h; path = LoadingView.h; sourceTree = "<group>"; };
		FF6CD9CD219A7B1A0089A198 /* LoadingView.m */ = {isa = PBXFileReference; lastKnownFileType = sourcecode.c.objc; path = LoadingView.m; sourceTree = "<group>"; };
		FF6CD9D0219AB28E0089A198 /* ViewController.xib */ = {isa = PBXFileReference; lastKnownFileType = file.xib; path = ViewController.xib; sourceTree = "<group>"; };
		FF6CD9D3219AB6500089A198 /* test.flv */ = {isa = PBXFileReference; lastKnownFileType = file; name = test.flv; path = videoPlayer/test.flv; sourceTree = SOURCE_ROOT; };
		FF7F042F218D3A0D000BFA74 /* videoPlayer.app */ = {isa = PBXFileReference; explicitFileType = wrapper.application; includeInIndex = 0; path = videoPlayer.app; sourceTree = BUILT_PRODUCTS_DIR; };
		FF7F0432218D3A0D000BFA74 /* AppDelegate.h */ = {isa = PBXFileReference; lastKnownFileType = sourcecode.c.h; path = AppDelegate.h; sourceTree = "<group>"; };
		FF7F0433218D3A0D000BFA74 /* AppDelegate.m */ = {isa = PBXFileReference; lastKnownFileType = sourcecode.c.objc; path = AppDelegate.m; sourceTree = "<group>"; };
		FF7F0435218D3A0D000BFA74 /* ViewController.h */ = {isa = PBXFileReference; lastKnownFileType = sourcecode.c.h; path = ViewController.h; sourceTree = "<group>"; };
		FF7F0436218D3A0D000BFA74 /* ViewController.m */ = {isa = PBXFileReference; lastKnownFileType = sourcecode.c.objc; path = ViewController.m; sourceTree = "<group>"; };
		FF7F0439218D3A0D000BFA74 /* Base */ = {isa = PBXFileReference; lastKnownFileType = file.storyboard; name = Base; path = Base.lproj/Main.storyboard; sourceTree = "<group>"; };
		FF7F043B218D3A0E000BFA74 /* Assets.xcassets */ = {isa = PBXFileReference; lastKnownFileType = folder.assetcatalog; path = Assets.xcassets; sourceTree = "<group>"; };
		FF7F043E218D3A0E000BFA74 /* Base */ = {isa = PBXFileReference; lastKnownFileType = file.storyboard; name = Base; path = Base.lproj/LaunchScreen.storyboard; sourceTree = "<group>"; };
		FF7F0440218D3A0E000BFA74 /* Info.plist */ = {isa = PBXFileReference; lastKnownFileType = text.plist.xml; path = Info.plist; sourceTree = "<group>"; };
		FF7F0441218D3A0E000BFA74 /* main.m */ = {isa = PBXFileReference; lastKnownFileType = sourcecode.c.objc; path = main.m; sourceTree = "<group>"; };
		FF7F0447218D3A0E000BFA74 /* videoPlayerTests.xctest */ = {isa = PBXFileReference; explicitFileType = wrapper.cfbundle; includeInIndex = 0; path = videoPlayerTests.xctest; sourceTree = BUILT_PRODUCTS_DIR; };
		FF7F044B218D3A0E000BFA74 /* videoPlayerTests.m */ = {isa = PBXFileReference; lastKnownFileType = sourcecode.c.objc; path = videoPlayerTests.m; sourceTree = "<group>"; };
		FF7F044D218D3A0E000BFA74 /* Info.plist */ = {isa = PBXFileReference; lastKnownFileType = text.plist.xml; path = Info.plist; sourceTree = "<group>"; };
		FF7F0458218D4173000BFA74 /* libavutil.a */ = {isa = PBXFileReference; lastKnownFileType = archive.ar; path = libavutil.a; sourceTree = "<group>"; };
		FF7F0459218D4173000BFA74 /* libavfilter.a */ = {isa = PBXFileReference; lastKnownFileType = archive.ar; path = libavfilter.a; sourceTree = "<group>"; };
		FF7F045A218D4173000BFA74 /* libavcodec.a */ = {isa = PBXFileReference; lastKnownFileType = archive.ar; path = libavcodec.a; sourceTree = "<group>"; };
		FF7F045B218D4173000BFA74 /* libavformat.a */ = {isa = PBXFileReference; lastKnownFileType = archive.ar; path = libavformat.a; sourceTree = "<group>"; };
		FF7F045C218D4173000BFA74 /* libavdevice.a */ = {isa = PBXFileReference; lastKnownFileType = archive.ar; path = libavdevice.a; sourceTree = "<group>"; };
		FF7F045D218D4173000BFA74 /* libswresample.a */ = {isa = PBXFileReference; lastKnownFileType = archive.ar; path = libswresample.a; sourceTree = "<group>"; };
		FF7F045E218D4173000BFA74 /* libswscale.a */ = {isa = PBXFileReference; lastKnownFileType = archive.ar; path = libswscale.a; sourceTree = "<group>"; };
		FF7F0461218D4173000BFA74 /* version.h */ = {isa = PBXFileReference; fileEncoding = 4; lastKnownFileType = sourcecode.c.h; path = version.h; sourceTree = "<group>"; };
		FF7F0462218D4173000BFA74 /* buffersrc.h */ = {isa = PBXFileReference; fileEncoding = 4; lastKnownFileType = sourcecode.c.h; path = buffersrc.h; sourceTree = "<group>"; };
		FF7F0463218D4173000BFA74 /* buffersink.h */ = {isa = PBXFileReference; fileEncoding = 4; lastKnownFileType = sourcecode.c.h; path = buffersink.h; sourceTree = "<group>"; };
		FF7F0464218D4173000BFA74 /* avfilter.h */ = {isa = PBXFileReference; fileEncoding = 4; lastKnownFileType = sourcecode.c.h; path = avfilter.h; sourceTree = "<group>"; };
		FF7F0466218D4173000BFA74 /* hwcontext.h */ = {isa = PBXFileReference; fileEncoding = 4; lastKnownFileType = sourcecode.c.h; path = hwcontext.h; sourceTree = "<group>"; };
		FF7F0467218D4173000BFA74 /* time.h */ = {isa = PBXFileReference; fileEncoding = 4; lastKnownFileType = sourcecode.c.h; path = time.h; sourceTree = "<group>"; };
		FF7F0468218D4173000BFA74 /* hwcontext_cuda.h */ = {isa = PBXFileReference; fileEncoding = 4; lastKnownFileType = sourcecode.c.h; path = hwcontext_cuda.h; sourceTree = "<group>"; };
		FF7F0469218D4173000BFA74 /* intfloat.h */ = {isa = PBXFileReference; fileEncoding = 4; lastKnownFileType = sourcecode.c.h; path = intfloat.h; sourceTree = "<group>"; };
		FF7F046A218D4173000BFA74 /* error.h */ = {isa = PBXFileReference; fileEncoding = 4; lastKnownFileType = sourcecode.c.h; path = error.h; sourceTree = "<group>"; };
		FF7F046B218D4173000BFA74 /* fifo.h */ = {isa = PBXFileReference; fileEncoding = 4; lastKnownFileType = sourcecode.c.h; path = fifo.h; sourceTree = "<group>"; };
		FF7F046C218D4173000BFA74 /* blowfish.h */ = {isa = PBXFileReference; fileEncoding = 4; lastKnownFileType = sourcecode.c.h; path = blowfish.h; sourceTree = "<group>"; };
		FF7F046D218D4173000BFA74 /* hwcontext_mediacodec.h */ = {isa = PBXFileReference; fileEncoding = 4; lastKnownFileType = sourcecode.c.h; path = hwcontext_mediacodec.h; sourceTree = "<group>"; };
		FF7F046E218D4173000BFA74 /* replaygain.h */ = {isa = PBXFileReference; fileEncoding = 4; lastKnownFileType = sourcecode.c.h; path = replaygain.h; sourceTree = "<group>"; };
		FF7F046F218D4173000BFA74 /* version.h */ = {isa = PBXFileReference; fileEncoding = 4; lastKnownFileType = sourcecode.c.h; path = version.h; sourceTree = "<group>"; };
		FF7F0470218D4173000BFA74 /* murmur3.h */ = {isa = PBXFileReference; fileEncoding = 4; lastKnownFileType = sourcecode.c.h; path = murmur3.h; sourceTree = "<group>"; };
		FF7F0471218D4173000BFA74 /* stereo3d.h */ = {isa = PBXFileReference; fileEncoding = 4; lastKnownFileType = sourcecode.c.h; path = stereo3d.h; sourceTree = "<group>"; };
		FF7F0472218D4173000BFA74 /* samplefmt.h */ = {isa = PBXFileReference; fileEncoding = 4; lastKnownFileType = sourcecode.c.h; path = samplefmt.h; sourceTree = "<group>"; };
		FF7F0473218D4173000BFA74 /* pixdesc.h */ = {isa = PBXFileReference; fileEncoding = 4; lastKnownFileType = sourcecode.c.h; path = pixdesc.h; sourceTree = "<group>"; };
		FF7F0474218D4173000BFA74 /* base64.h */ = {isa = PBXFileReference; fileEncoding = 4; lastKnownFileType = sourcecode.c.h; path = base64.h; sourceTree = "<group>"; };
		FF7F0475218D4173000BFA74 /* rational.h */ = {isa = PBXFileReference; fileEncoding = 4; lastKnownFileType = sourcecode.c.h; path = rational.h; sourceTree = "<group>"; };
		FF7F0476218D4173000BFA74 /* sha.h */ = {isa = PBXFileReference; fileEncoding = 4; lastKnownFileType = sourcecode.c.h; path = sha.h; sourceTree = "<group>"; };
		FF7F0477218D4173000BFA74 /* motion_vector.h */ = {isa = PBXFileReference; fileEncoding = 4; lastKnownFileType = sourcecode.c.h; path = motion_vector.h; sourceTree = "<group>"; };
		FF7F0478218D4173000BFA74 /* avconfig.h */ = {isa = PBXFileReference; fileEncoding = 4; lastKnownFileType = sourcecode.c.h; path = avconfig.h; sourceTree = "<group>"; };
		FF7F0479218D4173000BFA74 /* lfg.h */ = {isa = PBXFileReference; fileEncoding = 4; lastKnownFileType = sourcecode.c.h; path = lfg.h; sourceTree = "<group>"; };
		FF7F047A218D4173000BFA74 /* avutil.h */ = {isa = PBXFileReference; fileEncoding = 4; lastKnownFileType = sourcecode.c.h; path = avutil.h; sourceTree = "<group>"; };
		FF7F047B218D4173000BFA74 /* xtea.h */ = {isa = PBXFileReference; fileEncoding = 4; lastKnownFileType = sourcecode.c.h; path = xtea.h; sourceTree = "<group>"; };
		FF7F047C218D4173000BFA74 /* crc.h */ = {isa = PBXFileReference; fileEncoding = 4; lastKnownFileType = sourcecode.c.h; path = crc.h; sourceTree = "<group>"; };
		FF7F047D218D4173000BFA74 /* hwcontext_vdpau.h */ = {isa = PBXFileReference; fileEncoding = 4; lastKnownFileType = sourcecode.c.h; path = hwcontext_vdpau.h; sourceTree = "<group>"; };
		FF7F047E218D4173000BFA74 /* frame.h */ = {isa = PBXFileReference; fileEncoding = 4; lastKnownFileType = sourcecode.c.h; path = frame.h; sourceTree = "<group>"; };
		FF7F047F218D4173000BFA74 /* file.h */ = {isa = PBXFileReference; fileEncoding = 4; lastKnownFileType = sourcecode.c.h; path = file.h; sourceTree = "<group>"; };
		FF7F0480218D4173000BFA74 /* md5.h */ = {isa = PBXFileReference; fileEncoding = 4; lastKnownFileType = sourcecode.c.h; path = md5.h; sourceTree = "<group>"; };
		FF7F0481218D4173000BFA74 /* cast5.h */ = {isa = PBXFileReference; fileEncoding = 4; lastKnownFileType = sourcecode.c.h; path = cast5.h; sourceTree = "<group>"; };
		FF7F0482218D4173000BFA74 /* hwcontext_vaapi.h */ = {isa = PBXFileReference; fileEncoding = 4; lastKnownFileType = sourcecode.c.h; path = hwcontext_vaapi.h; sourceTree = "<group>"; };
		FF7F0483218D4173000BFA74 /* spherical.h */ = {isa = PBXFileReference; fileEncoding = 4; lastKnownFileType = sourcecode.c.h; path = spherical.h; sourceTree = "<group>"; };
		FF7F0484218D4173000BFA74 /* ffversion.h */ = {isa = PBXFileReference; fileEncoding = 4; lastKnownFileType = sourcecode.c.h; path = ffversion.h; sourceTree = "<group>"; };
		FF7F0485218D4173000BFA74 /* audio_fifo.h */ = {isa = PBXFileReference; fileEncoding = 4; lastKnownFileType = sourcecode.c.h; path = audio_fifo.h; sourceTree = "<group>"; };
		FF7F0486218D4173000BFA74 /* tree.h */ = {isa = PBXFileReference; fileEncoding = 4; lastKnownFileType = sourcecode.c.h; path = tree.h; sourceTree = "<group>"; };
		FF7F0487218D4173000BFA74 /* threadmessage.h */ = {isa = PBXFileReference; fileEncoding = 4; lastKnownFileType = sourcecode.c.h; path = threadmessage.h; sourceTree = "<group>"; };
		FF7F0488218D4173000BFA74 /* attributes.h */ = {isa = PBXFileReference; fileEncoding = 4; lastKnownFileType = sourcecode.c.h; path = attributes.h; sourceTree = "<group>"; };
		FF7F0489218D4173000BFA74 /* adler32.h */ = {isa = PBXFileReference; fileEncoding = 4; lastKnownFileType = sourcecode.c.h; path = adler32.h; sourceTree = "<group>"; };
		FF7F048A218D4173000BFA74 /* hwcontext_d3d11va.h */ = {isa = PBXFileReference; fileEncoding = 4; lastKnownFileType = sourcecode.c.h; path = hwcontext_d3d11va.h; sourceTree = "<group>"; };
		FF7F048B218D4173000BFA74 /* timecode.h */ = {isa = PBXFileReference; fileEncoding = 4; lastKnownFileType = sourcecode.c.h; path = timecode.h; sourceTree = "<group>"; };
		FF7F048C218D4173000BFA74 /* sha512.h */ = {isa = PBXFileReference; fileEncoding = 4; lastKnownFileType = sourcecode.c.h; path = sha512.h; sourceTree = "<group>"; };
		FF7F048D218D4173000BFA74 /* hwcontext_dxva2.h */ = {isa = PBXFileReference; fileEncoding = 4; lastKnownFileType = sourcecode.c.h; path = hwcontext_dxva2.h; sourceTree = "<group>"; };
		FF7F048E218D4173000BFA74 /* display.h */ = {isa = PBXFileReference; fileEncoding = 4; lastKnownFileType = sourcecode.c.h; path = display.h; sourceTree = "<group>"; };
		FF7F048F218D4173000BFA74 /* buffer.h */ = {isa = PBXFileReference; fileEncoding = 4; lastKnownFileType = sourcecode.c.h; path = buffer.h; sourceTree = "<group>"; };
		FF7F0490218D4173000BFA74 /* camellia.h */ = {isa = PBXFileReference; fileEncoding = 4; lastKnownFileType = sourcecode.c.h; path = camellia.h; sourceTree = "<group>"; };
		FF7F0491218D4173000BFA74 /* pixelutils.h */ = {isa = PBXFileReference; fileEncoding = 4; lastKnownFileType = sourcecode.c.h; path = pixelutils.h; sourceTree = "<group>"; };
		FF7F0492218D4173000BFA74 /* hwcontext_drm.h */ = {isa = PBXFileReference; fileEncoding = 4; lastKnownFileType = sourcecode.c.h; path = hwcontext_drm.h; sourceTree = "<group>"; };
		FF7F0493218D4173000BFA74 /* common.h */ = {isa = PBXFileReference; fileEncoding = 4; lastKnownFileType = sourcecode.c.h; path = common.h; sourceTree = "<group>"; };
		FF7F0494218D4173000BFA74 /* hmac.h */ = {isa = PBXFileReference; fileEncoding = 4; lastKnownFileType = sourcecode.c.h; path = hmac.h; sourceTree = "<group>"; };
		FF7F0495218D4173000BFA74 /* eval.h */ = {isa = PBXFileReference; fileEncoding = 4; lastKnownFileType = sourcecode.c.h; path = eval.h; sourceTree = "<group>"; };
		FF7F0496218D4173000BFA74 /* dict.h */ = {isa = PBXFileReference; fileEncoding = 4; lastKnownFileType = sourcecode.c.h; path = dict.h; sourceTree = "<group>"; };
		FF7F0497218D4173000BFA74 /* random_seed.h */ = {isa = PBXFileReference; fileEncoding = 4; lastKnownFileType = sourcecode.c.h; path = random_seed.h; sourceTree = "<group>"; };
		FF7F0498218D4173000BFA74 /* opt.h */ = {isa = PBXFileReference; fileEncoding = 4; lastKnownFileType = sourcecode.c.h; path = opt.h; sourceTree = "<group>"; };
		FF7F0499218D4173000BFA74 /* mastering_display_metadata.h */ = {isa = PBXFileReference; fileEncoding = 4; lastKnownFileType = sourcecode.c.h; path = mastering_display_metadata.h; sourceTree = "<group>"; };
		FF7F049A218D4173000BFA74 /* log.h */ = {isa = PBXFileReference; fileEncoding = 4; lastKnownFileType = sourcecode.c.h; path = log.h; sourceTree = "<group>"; };
		FF7F049B218D4173000BFA74 /* aes.h */ = {isa = PBXFileReference; fileEncoding = 4; lastKnownFileType = sourcecode.c.h; path = aes.h; sourceTree = "<group>"; };
		FF7F049C218D4173000BFA74 /* macros.h */ = {isa = PBXFileReference; fileEncoding = 4; lastKnownFileType = sourcecode.c.h; path = macros.h; sourceTree = "<group>"; };
		FF7F049D218D4173000BFA74 /* bswap.h */ = {isa = PBXFileReference; fileEncoding = 4; lastKnownFileType = sourcecode.c.h; path = bswap.h; sourceTree = "<group>"; };
		FF7F049E218D4173000BFA74 /* rc4.h */ = {isa = PBXFileReference; fileEncoding = 4; lastKnownFileType = sourcecode.c.h; path = rc4.h; sourceTree = "<group>"; };
		FF7F049F218D4173000BFA74 /* tea.h */ = {isa = PBXFileReference; fileEncoding = 4; lastKnownFileType = sourcecode.c.h; path = tea.h; sourceTree = "<group>"; };
		FF7F04A0218D4173000BFA74 /* cpu.h */ = {isa = PBXFileReference; fileEncoding = 4; lastKnownFileType = sourcecode.c.h; path = cpu.h; sourceTree = "<group>"; };
		FF7F04A1218D4173000BFA74 /* lzo.h */ = {isa = PBXFileReference; fileEncoding = 4; lastKnownFileType = sourcecode.c.h; path = lzo.h; sourceTree = "<group>"; };
		FF7F04A2218D4173000BFA74 /* des.h */ = {isa = PBXFileReference; fileEncoding = 4; lastKnownFileType = sourcecode.c.h; path = des.h; sourceTree = "<group>"; };
		FF7F04A3218D4173000BFA74 /* channel_layout.h */ = {isa = PBXFileReference; fileEncoding = 4; lastKnownFileType = sourcecode.c.h; path = channel_layout.h; sourceTree = "<group>"; };
		FF7F04A4218D4173000BFA74 /* encryption_info.h */ = {isa = PBXFileReference; fileEncoding = 4; lastKnownFileType = sourcecode.c.h; path = encryption_info.h; sourceTree = "<group>"; };
		FF7F04A5218D4173000BFA74 /* twofish.h */ = {isa = PBXFileReference; fileEncoding = 4; lastKnownFileType = sourcecode.c.h; path = twofish.h; sourceTree = "<group>"; };
		FF7F04A6218D4173000BFA74 /* imgutils.h */ = {isa = PBXFileReference; fileEncoding = 4; lastKnownFileType = sourcecode.c.h; path = imgutils.h; sourceTree = "<group>"; };
		FF7F04A7218D4173000BFA74 /* hwcontext_videotoolbox.h */ = {isa = PBXFileReference; fileEncoding = 4; lastKnownFileType = sourcecode.c.h; path = hwcontext_videotoolbox.h; sourceTree = "<group>"; };
		FF7F04A8218D4173000BFA74 /* mem.h */ = {isa = PBXFileReference; fileEncoding = 4; lastKnownFileType = sourcecode.c.h; path = mem.h; sourceTree = "<group>"; };
		FF7F04A9218D4173000BFA74 /* parseutils.h */ = {isa = PBXFileReference; fileEncoding = 4; lastKnownFileType = sourcecode.c.h; path = parseutils.h; sourceTree = "<group>"; };
		FF7F04AA218D4173000BFA74 /* ripemd.h */ = {isa = PBXFileReference; fileEncoding = 4; lastKnownFileType = sourcecode.c.h; path = ripemd.h; sourceTree = "<group>"; };
		FF7F04AB218D4173000BFA74 /* bprint.h */ = {isa = PBXFileReference; fileEncoding = 4; lastKnownFileType = sourcecode.c.h; path = bprint.h; sourceTree = "<group>"; };
		FF7F04AC218D4173000BFA74 /* hwcontext_qsv.h */ = {isa = PBXFileReference; fileEncoding = 4; lastKnownFileType = sourcecode.c.h; path = hwcontext_qsv.h; sourceTree = "<group>"; };
		FF7F04AD218D4173000BFA74 /* pixfmt.h */ = {isa = PBXFileReference; fileEncoding = 4; lastKnownFileType = sourcecode.c.h; path = pixfmt.h; sourceTree = "<group>"; };
		FF7F04AE218D4173000BFA74 /* aes_ctr.h */ = {isa = PBXFileReference; fileEncoding = 4; lastKnownFileType = sourcecode.c.h; path = aes_ctr.h; sourceTree = "<group>"; };
		FF7F04AF218D4173000BFA74 /* timestamp.h */ = {isa = PBXFileReference; fileEncoding = 4; lastKnownFileType = sourcecode.c.h; path = timestamp.h; sourceTree = "<group>"; };
		FF7F04B0218D4173000BFA74 /* downmix_info.h */ = {isa = PBXFileReference; fileEncoding = 4; lastKnownFileType = sourcecode.c.h; path = downmix_info.h; sourceTree = "<group>"; };
		FF7F04B1218D4173000BFA74 /* avassert.h */ = {isa = PBXFileReference; fileEncoding = 4; lastKnownFileType = sourcecode.c.h; path = avassert.h; sourceTree = "<group>"; };
		FF7F04B2218D4173000BFA74 /* hash.h */ = {isa = PBXFileReference; fileEncoding = 4; lastKnownFileType = sourcecode.c.h; path = hash.h; sourceTree = "<group>"; };
		FF7F04B3218D4173000BFA74 /* mathematics.h */ = {isa = PBXFileReference; fileEncoding = 4; lastKnownFileType = sourcecode.c.h; path = mathematics.h; sourceTree = "<group>"; };
		FF7F04B4218D4173000BFA74 /* intreadwrite.h */ = {isa = PBXFileReference; fileEncoding = 4; lastKnownFileType = sourcecode.c.h; path = intreadwrite.h; sourceTree = "<group>"; };
		FF7F04B5218D4173000BFA74 /* avstring.h */ = {isa = PBXFileReference; fileEncoding = 4; lastKnownFileType = sourcecode.c.h; path = avstring.h; sourceTree = "<group>"; };
		FF7F04B7218D4173000BFA74 /* version.h */ = {isa = PBXFileReference; fileEncoding = 4; lastKnownFileType = sourcecode.c.h; path = version.h; sourceTree = "<group>"; };
		FF7F04B8218D4173000BFA74 /* avdevice.h */ = {isa = PBXFileReference; fileEncoding = 4; lastKnownFileType = sourcecode.c.h; path = avdevice.h; sourceTree = "<group>"; };
		FF7F04BA218D4173000BFA74 /* version.h */ = {isa = PBXFileReference; fileEncoding = 4; lastKnownFileType = sourcecode.c.h; path = version.h; sourceTree = "<group>"; };
		FF7F04BB218D4173000BFA74 /* avio.h */ = {isa = PBXFileReference; fileEncoding = 4; lastKnownFileType = sourcecode.c.h; path = avio.h; sourceTree = "<group>"; };
		FF7F04BC218D4173000BFA74 /* avformat.h */ = {isa = PBXFileReference; fileEncoding = 4; lastKnownFileType = sourcecode.c.h; path = avformat.h; sourceTree = "<group>"; };
		FF7F04BE218D4173000BFA74 /* version.h */ = {isa = PBXFileReference; fileEncoding = 4; lastKnownFileType = sourcecode.c.h; path = version.h; sourceTree = "<group>"; };
		FF7F04BF218D4173000BFA74 /* swscale.h */ = {isa = PBXFileReference; fileEncoding = 4; lastKnownFileType = sourcecode.c.h; path = swscale.h; sourceTree = "<group>"; };
		FF7F04C1218D4173000BFA74 /* adts_parser.h */ = {isa = PBXFileReference; fileEncoding = 4; lastKnownFileType = sourcecode.c.h; path = adts_parser.h; sourceTree = "<group>"; };
		FF7F04C2218D4173000BFA74 /* avcodec.h */ = {isa = PBXFileReference; fileEncoding = 4; lastKnownFileType = sourcecode.c.h; path = avcodec.h; sourceTree = "<group>"; };
		FF7F04C3218D4173000BFA74 /* version.h */ = {isa = PBXFileReference; fileEncoding = 4; lastKnownFileType = sourcecode.c.h; path = version.h; sourceTree = "<group>"; };
		FF7F04C4218D4173000BFA74 /* vdpau.h */ = {isa = PBXFileReference; fileEncoding = 4; lastKnownFileType = sourcecode.c.h; path = vdpau.h; sourceTree = "<group>"; };
		FF7F04C5218D4173000BFA74 /* qsv.h */ = {isa = PBXFileReference; fileEncoding = 4; lastKnownFileType = sourcecode.c.h; path = qsv.h; sourceTree = "<group>"; };
		FF7F04C6218D4173000BFA74 /* vaapi.h */ = {isa = PBXFileReference; fileEncoding = 4; lastKnownFileType = sourcecode.c.h; path = vaapi.h; sourceTree = "<group>"; };
		FF7F04C7218D4173000BFA74 /* videotoolbox.h */ = {isa = PBXFileReference; fileEncoding = 4; lastKnownFileType = sourcecode.c.h; path = videotoolbox.h; sourceTree = "<group>"; };
		FF7F04C8218D4173000BFA74 /* xvmc.h */ = {isa = PBXFileReference; fileEncoding = 4; lastKnownFileType = sourcecode.c.h; path = xvmc.h; sourceTree = "<group>"; };
		FF7F04C9218D4173000BFA74 /* mediacodec.h */ = {isa = PBXFileReference; fileEncoding = 4; lastKnownFileType = sourcecode.c.h; path = mediacodec.h; sourceTree = "<group>"; };
		FF7F04CA218D4173000BFA74 /* d3d11va.h */ = {isa = PBXFileReference; fileEncoding = 4; lastKnownFileType = sourcecode.c.h; path = d3d11va.h; sourceTree = "<group>"; };
		FF7F04CB218D4173000BFA74 /* avfft.h */ = {isa = PBXFileReference; fileEncoding = 4; lastKnownFileType = sourcecode.c.h; path = avfft.h; sourceTree = "<group>"; };
		FF7F04CC218D4173000BFA74 /* jni.h */ = {isa = PBXFileReference; fileEncoding = 4; lastKnownFileType = sourcecode.c.h; path = jni.h; sourceTree = "<group>"; };
		FF7F04CD218D4173000BFA74 /* dirac.h */ = {isa = PBXFileReference; fileEncoding = 4; lastKnownFileType = sourcecode.c.h; path = dirac.h; sourceTree = "<group>"; };
		FF7F04CE218D4173000BFA74 /* avdct.h */ = {isa = PBXFileReference; fileEncoding = 4; lastKnownFileType = sourcecode.c.h; path = avdct.h; sourceTree = "<group>"; };
		FF7F04CF218D4173000BFA74 /* ac3_parser.h */ = {isa = PBXFileReference; fileEncoding = 4; lastKnownFileType = sourcecode.c.h; path = ac3_parser.h; sourceTree = "<group>"; };
		FF7F04D0218D4173000BFA74 /* vorbis_parser.h */ = {isa = PBXFileReference; fileEncoding = 4; lastKnownFileType = sourcecode.c.h; path = vorbis_parser.h; sourceTree = "<group>"; };
		FF7F04D1218D4173000BFA74 /* dxva2.h */ = {isa = PBXFileReference; fileEncoding = 4; lastKnownFileType = sourcecode.c.h; path = dxva2.h; sourceTree = "<group>"; };
		FF7F04D2218D4173000BFA74 /* dv_profile.h */ = {isa = PBXFileReference; fileEncoding = 4; lastKnownFileType = sourcecode.c.h; path = dv_profile.h; sourceTree = "<group>"; };
		FF7F04D4218D4173000BFA74 /* version.h */ = {isa = PBXFileReference; fileEncoding = 4; lastKnownFileType = sourcecode.c.h; path = version.h; sourceTree = "<group>"; };
		FF7F04D5218D4173000BFA74 /* swresample.h */ = {isa = PBXFileReference; fileEncoding = 4; lastKnownFileType = sourcecode.c.h; path = swresample.h; sourceTree = "<group>"; };
		FF7F04E5218D41A3000BFA74 /* libz.tbd */ = {isa = PBXFileReference; lastKnownFileType = "sourcecode.text-based-dylib-definition"; name = libz.tbd; path = usr/lib/libz.tbd; sourceTree = SDKROOT; };
		FF7F04E7218D41AE000BFA74 /* libbz2.tbd */ = {isa = PBXFileReference; lastKnownFileType = "sourcecode.text-based-dylib-definition"; name = libbz2.tbd; path = usr/lib/libbz2.tbd; sourceTree = SDKROOT; };
		FF7F04E9218D41B7000BFA74 /* libiconv.tbd */ = {isa = PBXFileReference; lastKnownFileType = "sourcecode.text-based-dylib-definition"; name = libiconv.tbd; path = usr/lib/libiconv.tbd; sourceTree = SDKROOT; };
		FF7F04EB218D41C0000BFA74 /* CoreGraphics.framework */ = {isa = PBXFileReference; lastKnownFileType = wrapper.framework; name = CoreGraphics.framework; path = System/Library/Frameworks/CoreGraphics.framework; sourceTree = SDKROOT; };
		FF7F04ED218D41C7000BFA74 /* CoreMedia.framework */ = {isa = PBXFileReference; lastKnownFileType = wrapper.framework; name = CoreMedia.framework; path = System/Library/Frameworks/CoreMedia.framework; sourceTree = SDKROOT; };
		FF7F04EF218D41D1000BFA74 /* VideoToolbox.framework */ = {isa = PBXFileReference; lastKnownFileType = wrapper.framework; name = VideoToolbox.framework; path = System/Library/Frameworks/VideoToolbox.framework; sourceTree = SDKROOT; };
		FF7F04F1218D41D7000BFA74 /* AudioToolbox.framework */ = {isa = PBXFileReference; lastKnownFileType = wrapper.framework; name = AudioToolbox.framework; path = System/Library/Frameworks/AudioToolbox.framework; sourceTree = SDKROOT; };
		FF7F04F3218D41DC000BFA74 /* AVFoundation.framework */ = {isa = PBXFileReference; lastKnownFileType = wrapper.framework; name = AVFoundation.framework; path = System/Library/Frameworks/AVFoundation.framework; sourceTree = SDKROOT; };
		FF7F04F5218D41E2000BFA74 /* CoreVideo.framework */ = {isa = PBXFileReference; lastKnownFileType = wrapper.framework; name = CoreVideo.framework; path = System/Library/Frameworks/CoreVideo.framework; sourceTree = SDKROOT; };
		FFB932FE218FDAB700CD2100 /* VideoDecoder.h */ = {isa = PBXFileReference; lastKnownFileType = sourcecode.c.h; path = VideoDecoder.h; sourceTree = "<group>"; };
		FFB932FF218FDAB700CD2100 /* VideoDecoder.m */ = {isa = PBXFileReference; lastKnownFileType = sourcecode.c.objc; path = VideoDecoder.m; sourceTree = "<group>"; };
/* End PBXFileReference section */

/* Begin PBXFrameworksBuildPhase section */
		FF7F042C218D3A0D000BFA74 /* Frameworks */ = {
			isa = PBXFrameworksBuildPhase;
			buildActionMask = 2147483647;
			files = (
				FF7F04F6218D41E2000BFA74 /* CoreVideo.framework in Frameworks */,
				FF7F04F4218D41DC000BFA74 /* AVFoundation.framework in Frameworks */,
				FF7F04F2218D41D7000BFA74 /* AudioToolbox.framework in Frameworks */,
				FF7F04F0218D41D1000BFA74 /* VideoToolbox.framework in Frameworks */,
				FF7F04EE218D41C7000BFA74 /* CoreMedia.framework in Frameworks */,
				FF7F04EC218D41C0000BFA74 /* CoreGraphics.framework in Frameworks */,
				FF7F04EA218D41B7000BFA74 /* libiconv.tbd in Frameworks */,
				FF7F04E8218D41AE000BFA74 /* libbz2.tbd in Frameworks */,
				FF7F04E6218D41A4000BFA74 /* libz.tbd in Frameworks */,
				FF7F04DE218D4173000BFA74 /* libavdevice.a in Frameworks */,
				FF7F04E2218D4173000BFA74 /* libswscale.a in Frameworks */,
				FF7F04D8218D4173000BFA74 /* libavfilter.a in Frameworks */,
				FF7F04D6218D4173000BFA74 /* libavutil.a in Frameworks */,
				FF7F04DA218D4173000BFA74 /* libavcodec.a in Frameworks */,
				FF7F04E0218D4173000BFA74 /* libswresample.a in Frameworks */,
				FF7F04DC218D4173000BFA74 /* libavformat.a in Frameworks */,
			);
			runOnlyForDeploymentPostprocessing = 0;
		};
		FF7F0444218D3A0E000BFA74 /* Frameworks */ = {
			isa = PBXFrameworksBuildPhase;
			buildActionMask = 2147483647;
			files = (
				FF7F04DF218D4173000BFA74 /* libavdevice.a in Frameworks */,
				FF7F04E3218D4173000BFA74 /* libswscale.a in Frameworks */,
				FF7F04D9218D4173000BFA74 /* libavfilter.a in Frameworks */,
				FF7F04D7218D4173000BFA74 /* libavutil.a in Frameworks */,
				FF7F04DB218D4173000BFA74 /* libavcodec.a in Frameworks */,
				FF7F04E1218D4173000BFA74 /* libswresample.a in Frameworks */,
				FF7F04DD218D4173000BFA74 /* libavformat.a in Frameworks */,
			);
			runOnlyForDeploymentPostprocessing = 0;
		};
/* End PBXFrameworksBuildPhase section */

/* Begin PBXGroup section */
		FF09E057219687B800271171 /* Copier */ = {
			isa = PBXGroup;
			children = (
				FF66157F219922700068EB11 /* YUVFrameCopier.h */,
				FF661580219922700068EB11 /* YUVFrameCopier.m */,
			);
			path = Copier;
			sourceTree = "<group>";
		};
		FF09E058219687C500271171 /* Filter */ = {
			isa = PBXGroup;
			children = (
				FF661583219924650068EB11 /* ContrastEnhancerFilter.h */,
				FF661584219924650068EB11 /* ContrastEnhancerFilter.m */,
			);
			path = Filter;
			sourceTree = "<group>";
		};
		FF0ADC2921952F890016074F /* Render */ = {
			isa = PBXGroup;
			children = (
				FF09E058219687C500271171 /* Filter */,
				FF09E057219687B800271171 /* Copier */,
				FF0ADC2A21952F9C0016074F /* BaseEffectFilter.h */,
				FF0ADC2B21952F9C0016074F /* BaseEffectFilter.m */,
				FF09E0592196881100271171 /* DirectPassRenderer.h */,
				FF09E05A2196881100271171 /* DirectPassRenderer.m */,
			);
			path = Render;
			sourceTree = "<group>";
		};
		FF430A5F2194549C0026BACF /* AudioOutput */ = {
			isa = PBXGroup;
			children = (
				FF0ADC1921951B5E0016074F /* AVAudioSession+RouteUtils.h */,
				FF0ADC1A21951B5E0016074F /* AVAudioSession+RouteUtils.m */,
				FF0ADC1D21951C230016074F /* ELAudioSession.h */,
				FF0ADC1E21951C230016074F /* ELAudioSession.m */,
				FF0ADC2121951C500016074F /* AudioOutput.h */,
				FF0ADC2221951C500016074F /* AudioOutput.m */,
			);
			path = AudioOutput;
			sourceTree = "<group>";
		};
		FF430A60219454A90026BACF /* VideoOutput */ = {
			isa = PBXGroup;
			children = (
				FF0ADC2521952B090016074F /* VideoOutput.h */,
				FF0ADC2621952B090016074F /* VideoOutput.m */,
			);
			path = VideoOutput;
			sourceTree = "<group>";
		};
		FF430A61219454BE0026BACF /* AVSynchronizer */ = {
			isa = PBXGroup;
			children = (
				FF66158C219966900068EB11 /* AVSynchronizer.h */,
				FF66158D219966900068EB11 /* AVSynchronizer.m */,
			);
			path = AVSynchronizer;
			sourceTree = "<group>";
		};
		FF6615872199651F0068EB11 /* Utils */ = {
			isa = PBXGroup;
			children = (
				FF661588219965310068EB11 /* CommonUtil.h */,
				FF661589219965310068EB11 /* CommonUtil.m */,
			);
			path = Utils;
			sourceTree = "<group>";
		};
		FF6CD9C3219A5C620089A198 /* PlayerView */ = {
			isa = PBXGroup;
			children = (
				FF6CD9C4219A5C810089A198 /* VideoPlayerViewController.h */,
				FF6CD9C5219A5C810089A198 /* VideoPlayerViewController.m */,
				FF6CD9C8219A7AF80089A198 /* ELVideoViewPlayerController.h */,
				FF6CD9C9219A7AF80089A198 /* ELVideoViewPlayerController.m */,
				FF6CD9CC219A7B1A0089A198 /* LoadingView.h */,
				FF6CD9CD219A7B1A0089A198 /* LoadingView.m */,
			);
			path = PlayerView;
			sourceTree = "<group>";
		};
		FF7F0426218D3A0D000BFA74 = {
			isa = PBXGroup;
			children = (
				FF7F0431218D3A0D000BFA74 /* videoPlayer */,
				FF7F044A218D3A0E000BFA74 /* videoPlayerTests */,
				FF7F0430218D3A0D000BFA74 /* Products */,
				FF7F04E4218D41A3000BFA74 /* Frameworks */,
			);
			sourceTree = "<group>";
		};
		FF7F0430218D3A0D000BFA74 /* Products */ = {
			isa = PBXGroup;
			children = (
				FF7F042F218D3A0D000BFA74 /* videoPlayer.app */,
				FF7F0447218D3A0E000BFA74 /* videoPlayerTests.xctest */,
			);
			name = Products;
			sourceTree = "<group>";
		};
		FF7F0431218D3A0D000BFA74 /* videoPlayer */ = {
			isa = PBXGroup;
			children = (
				FF6CD9C3219A5C620089A198 /* PlayerView */,
				FF6615872199651F0068EB11 /* Utils */,
				FF430A61219454BE0026BACF /* AVSynchronizer */,
				FF430A60219454A90026BACF /* VideoOutput */,
				FF430A5F2194549C0026BACF /* AudioOutput */,
				FF7F04FB218D4642000BFA74 /* Decoder */,
				FF7F04F7218D4453000BFA74 /* Resource */,
				FF7F0456218D4153000BFA74 /* FFmpeg402 */,
				FF7F0432218D3A0D000BFA74 /* AppDelegate.h */,
				FF7F0433218D3A0D000BFA74 /* AppDelegate.m */,
				FF7F0435218D3A0D000BFA74 /* ViewController.h */,
				FF7F0436218D3A0D000BFA74 /* ViewController.m */,
				FF7F0438218D3A0D000BFA74 /* Main.storyboard */,
				FF7F043B218D3A0E000BFA74 /* Assets.xcassets */,
				FF7F043D218D3A0E000BFA74 /* LaunchScreen.storyboard */,
				FF7F0440218D3A0E000BFA74 /* Info.plist */,
				FF7F0441218D3A0E000BFA74 /* main.m */,
				FF6CD9D0219AB28E0089A198 /* ViewController.xib */,
			);
			path = videoPlayer;
			sourceTree = "<group>";
		};
		FF7F044A218D3A0E000BFA74 /* videoPlayerTests */ = {
			isa = PBXGroup;
			children = (
				FF7F044B218D3A0E000BFA74 /* videoPlayerTests.m */,
				FF7F044D218D3A0E000BFA74 /* Info.plist */,
			);
			path = videoPlayerTests;
			sourceTree = "<group>";
		};
		FF7F0456218D4153000BFA74 /* FFmpeg402 */ = {
			isa = PBXGroup;
			children = (
				FF7F045F218D4173000BFA74 /* include */,
				FF7F0457218D4173000BFA74 /* lib */,
			);
			path = FFmpeg402;
			sourceTree = "<group>";
		};
		FF7F0457218D4173000BFA74 /* lib */ = {
			isa = PBXGroup;
			children = (
				FF7F0458218D4173000BFA74 /* libavutil.a */,
				FF7F0459218D4173000BFA74 /* libavfilter.a */,
				FF7F045A218D4173000BFA74 /* libavcodec.a */,
				FF7F045B218D4173000BFA74 /* libavformat.a */,
				FF7F045C218D4173000BFA74 /* libavdevice.a */,
				FF7F045D218D4173000BFA74 /* libswresample.a */,
				FF7F045E218D4173000BFA74 /* libswscale.a */,
			);
			path = lib;
			sourceTree = "<group>";
		};
		FF7F045F218D4173000BFA74 /* include */ = {
			isa = PBXGroup;
			children = (
				FF7F0460218D4173000BFA74 /* libavfilter */,
				FF7F0465218D4173000BFA74 /* libavutil */,
				FF7F04B6218D4173000BFA74 /* libavdevice */,
				FF7F04B9218D4173000BFA74 /* libavformat */,
				FF7F04BD218D4173000BFA74 /* libswscale */,
				FF7F04C0218D4173000BFA74 /* libavcodec */,
				FF7F04D3218D4173000BFA74 /* libswresample */,
			);
			path = include;
			sourceTree = "<group>";
		};
		FF7F0460218D4173000BFA74 /* libavfilter */ = {
			isa = PBXGroup;
			children = (
				FF7F0461218D4173000BFA74 /* version.h */,
				FF7F0462218D4173000BFA74 /* buffersrc.h */,
				FF7F0463218D4173000BFA74 /* buffersink.h */,
				FF7F0464218D4173000BFA74 /* avfilter.h */,
			);
			path = libavfilter;
			sourceTree = "<group>";
		};
		FF7F0465218D4173000BFA74 /* libavutil */ = {
			isa = PBXGroup;
			children = (
				FF7F0466218D4173000BFA74 /* hwcontext.h */,
				FF7F0467218D4173000BFA74 /* time.h */,
				FF7F0468218D4173000BFA74 /* hwcontext_cuda.h */,
				FF7F0469218D4173000BFA74 /* intfloat.h */,
				FF7F046A218D4173000BFA74 /* error.h */,
				FF7F046B218D4173000BFA74 /* fifo.h */,
				FF7F046C218D4173000BFA74 /* blowfish.h */,
				FF7F046D218D4173000BFA74 /* hwcontext_mediacodec.h */,
				FF7F046E218D4173000BFA74 /* replaygain.h */,
				FF7F046F218D4173000BFA74 /* version.h */,
				FF7F0470218D4173000BFA74 /* murmur3.h */,
				FF7F0471218D4173000BFA74 /* stereo3d.h */,
				FF7F0472218D4173000BFA74 /* samplefmt.h */,
				FF7F0473218D4173000BFA74 /* pixdesc.h */,
				FF7F0474218D4173000BFA74 /* base64.h */,
				FF7F0475218D4173000BFA74 /* rational.h */,
				FF7F0476218D4173000BFA74 /* sha.h */,
				FF7F0477218D4173000BFA74 /* motion_vector.h */,
				FF7F0478218D4173000BFA74 /* avconfig.h */,
				FF7F0479218D4173000BFA74 /* lfg.h */,
				FF7F047A218D4173000BFA74 /* avutil.h */,
				FF7F047B218D4173000BFA74 /* xtea.h */,
				FF7F047C218D4173000BFA74 /* crc.h */,
				FF7F047D218D4173000BFA74 /* hwcontext_vdpau.h */,
				FF7F047E218D4173000BFA74 /* frame.h */,
				FF7F047F218D4173000BFA74 /* file.h */,
				FF7F0480218D4173000BFA74 /* md5.h */,
				FF7F0481218D4173000BFA74 /* cast5.h */,
				FF7F0482218D4173000BFA74 /* hwcontext_vaapi.h */,
				FF7F0483218D4173000BFA74 /* spherical.h */,
				FF7F0484218D4173000BFA74 /* ffversion.h */,
				FF7F0485218D4173000BFA74 /* audio_fifo.h */,
				FF7F0486218D4173000BFA74 /* tree.h */,
				FF7F0487218D4173000BFA74 /* threadmessage.h */,
				FF7F0488218D4173000BFA74 /* attributes.h */,
				FF7F0489218D4173000BFA74 /* adler32.h */,
				FF7F048A218D4173000BFA74 /* hwcontext_d3d11va.h */,
				FF7F048B218D4173000BFA74 /* timecode.h */,
				FF7F048C218D4173000BFA74 /* sha512.h */,
				FF7F048D218D4173000BFA74 /* hwcontext_dxva2.h */,
				FF7F048E218D4173000BFA74 /* display.h */,
				FF7F048F218D4173000BFA74 /* buffer.h */,
				FF7F0490218D4173000BFA74 /* camellia.h */,
				FF7F0491218D4173000BFA74 /* pixelutils.h */,
				FF7F0492218D4173000BFA74 /* hwcontext_drm.h */,
				FF7F0493218D4173000BFA74 /* common.h */,
				FF7F0494218D4173000BFA74 /* hmac.h */,
				FF7F0495218D4173000BFA74 /* eval.h */,
				FF7F0496218D4173000BFA74 /* dict.h */,
				FF7F0497218D4173000BFA74 /* random_seed.h */,
				FF7F0498218D4173000BFA74 /* opt.h */,
				FF7F0499218D4173000BFA74 /* mastering_display_metadata.h */,
				FF7F049A218D4173000BFA74 /* log.h */,
				FF7F049B218D4173000BFA74 /* aes.h */,
				FF7F049C218D4173000BFA74 /* macros.h */,
				FF7F049D218D4173000BFA74 /* bswap.h */,
				FF7F049E218D4173000BFA74 /* rc4.h */,
				FF7F049F218D4173000BFA74 /* tea.h */,
				FF7F04A0218D4173000BFA74 /* cpu.h */,
				FF7F04A1218D4173000BFA74 /* lzo.h */,
				FF7F04A2218D4173000BFA74 /* des.h */,
				FF7F04A3218D4173000BFA74 /* channel_layout.h */,
				FF7F04A4218D4173000BFA74 /* encryption_info.h */,
				FF7F04A5218D4173000BFA74 /* twofish.h */,
				FF7F04A6218D4173000BFA74 /* imgutils.h */,
				FF7F04A7218D4173000BFA74 /* hwcontext_videotoolbox.h */,
				FF7F04A8218D4173000BFA74 /* mem.h */,
				FF7F04A9218D4173000BFA74 /* parseutils.h */,
				FF7F04AA218D4173000BFA74 /* ripemd.h */,
				FF7F04AB218D4173000BFA74 /* bprint.h */,
				FF7F04AC218D4173000BFA74 /* hwcontext_qsv.h */,
				FF7F04AD218D4173000BFA74 /* pixfmt.h */,
				FF7F04AE218D4173000BFA74 /* aes_ctr.h */,
				FF7F04AF218D4173000BFA74 /* timestamp.h */,
				FF7F04B0218D4173000BFA74 /* downmix_info.h */,
				FF7F04B1218D4173000BFA74 /* avassert.h */,
				FF7F04B2218D4173000BFA74 /* hash.h */,
				FF7F04B3218D4173000BFA74 /* mathematics.h */,
				FF7F04B4218D4173000BFA74 /* intreadwrite.h */,
				FF7F04B5218D4173000BFA74 /* avstring.h */,
			);
			path = libavutil;
			sourceTree = "<group>";
		};
		FF7F04B6218D4173000BFA74 /* libavdevice */ = {
			isa = PBXGroup;
			children = (
				FF7F04B7218D4173000BFA74 /* version.h */,
				FF7F04B8218D4173000BFA74 /* avdevice.h */,
			);
			path = libavdevice;
			sourceTree = "<group>";
		};
		FF7F04B9218D4173000BFA74 /* libavformat */ = {
			isa = PBXGroup;
			children = (
				FF7F04BA218D4173000BFA74 /* version.h */,
				FF7F04BB218D4173000BFA74 /* avio.h */,
				FF7F04BC218D4173000BFA74 /* avformat.h */,
			);
			path = libavformat;
			sourceTree = "<group>";
		};
		FF7F04BD218D4173000BFA74 /* libswscale */ = {
			isa = PBXGroup;
			children = (
				FF7F04BE218D4173000BFA74 /* version.h */,
				FF7F04BF218D4173000BFA74 /* swscale.h */,
			);
			path = libswscale;
			sourceTree = "<group>";
		};
		FF7F04C0218D4173000BFA74 /* libavcodec */ = {
			isa = PBXGroup;
			children = (
				FF7F04C1218D4173000BFA74 /* adts_parser.h */,
				FF7F04C2218D4173000BFA74 /* avcodec.h */,
				FF7F04C3218D4173000BFA74 /* version.h */,
				FF7F04C4218D4173000BFA74 /* vdpau.h */,
				FF7F04C5218D4173000BFA74 /* qsv.h */,
				FF7F04C6218D4173000BFA74 /* vaapi.h */,
				FF7F04C7218D4173000BFA74 /* videotoolbox.h */,
				FF7F04C8218D4173000BFA74 /* xvmc.h */,
				FF7F04C9218D4173000BFA74 /* mediacodec.h */,
				FF7F04CA218D4173000BFA74 /* d3d11va.h */,
				FF7F04CB218D4173000BFA74 /* avfft.h */,
				FF7F04CC218D4173000BFA74 /* jni.h */,
				FF7F04CD218D4173000BFA74 /* dirac.h */,
				FF7F04CE218D4173000BFA74 /* avdct.h */,
				FF7F04CF218D4173000BFA74 /* ac3_parser.h */,
				FF7F04D0218D4173000BFA74 /* vorbis_parser.h */,
				FF7F04D1218D4173000BFA74 /* dxva2.h */,
				FF7F04D2218D4173000BFA74 /* dv_profile.h */,
			);
			path = libavcodec;
			sourceTree = "<group>";
		};
		FF7F04D3218D4173000BFA74 /* libswresample */ = {
			isa = PBXGroup;
			children = (
				FF7F04D4218D4173000BFA74 /* version.h */,
				FF7F04D5218D4173000BFA74 /* swresample.h */,
			);
			path = libswresample;
			sourceTree = "<group>";
		};
		FF7F04E4218D41A3000BFA74 /* Frameworks */ = {
			isa = PBXGroup;
			children = (
				FF7F04F5218D41E2000BFA74 /* CoreVideo.framework */,
				FF7F04F3218D41DC000BFA74 /* AVFoundation.framework */,
				FF7F04F1218D41D7000BFA74 /* AudioToolbox.framework */,
				FF7F04EF218D41D1000BFA74 /* VideoToolbox.framework */,
				FF7F04ED218D41C7000BFA74 /* CoreMedia.framework */,
				FF7F04EB218D41C0000BFA74 /* CoreGraphics.framework */,
				FF7F04E9218D41B7000BFA74 /* libiconv.tbd */,
				FF7F04E7218D41AE000BFA74 /* libbz2.tbd */,
				FF7F04E5218D41A3000BFA74 /* libz.tbd */,
			);
			name = Frameworks;
			sourceTree = "<group>";
		};
		FF7F04F7218D4453000BFA74 /* Resource */ = {
			isa = PBXGroup;
			children = (
				FF6CD9D3219AB6500089A198 /* test.flv */,
			);
			path = Resource;
			sourceTree = "<group>";
		};
		FF7F04FB218D4642000BFA74 /* Decoder */ = {
			isa = PBXGroup;
			children = (
				FF0ADC2921952F890016074F /* Render */,
				FFB932FE218FDAB700CD2100 /* VideoDecoder.h */,
				FFB932FF218FDAB700CD2100 /* VideoDecoder.m */,
			);
			path = Decoder;
			sourceTree = "<group>";
		};
/* End PBXGroup section */

/* Begin PBXNativeTarget section */
		FF7F042E218D3A0D000BFA74 /* videoPlayer */ = {
			isa = PBXNativeTarget;
			buildConfigurationList = FF7F0450218D3A0E000BFA74 /* Build configuration list for PBXNativeTarget "videoPlayer" */;
			buildPhases = (
				FF7F042B218D3A0D000BFA74 /* Sources */,
				FF7F042C218D3A0D000BFA74 /* Frameworks */,
				FF7F042D218D3A0D000BFA74 /* Resources */,
			);
			buildRules = (
			);
			dependencies = (
			);
			name = videoPlayer;
			productName = videoPlayer;
			productReference = FF7F042F218D3A0D000BFA74 /* videoPlayer.app */;
			productType = "com.apple.product-type.application";
		};
		FF7F0446218D3A0E000BFA74 /* videoPlayerTests */ = {
			isa = PBXNativeTarget;
			buildConfigurationList = FF7F0453218D3A0E000BFA74 /* Build configuration list for PBXNativeTarget "videoPlayerTests" */;
			buildPhases = (
				FF7F0443218D3A0E000BFA74 /* Sources */,
				FF7F0444218D3A0E000BFA74 /* Frameworks */,
				FF7F0445218D3A0E000BFA74 /* Resources */,
			);
			buildRules = (
			);
			dependencies = (
				FF7F0449218D3A0E000BFA74 /* PBXTargetDependency */,
			);
			name = videoPlayerTests;
			productName = videoPlayerTests;
			productReference = FF7F0447218D3A0E000BFA74 /* videoPlayerTests.xctest */;
			productType = "com.apple.product-type.bundle.unit-test";
		};
/* End PBXNativeTarget section */

/* Begin PBXProject section */
		FF7F0427218D3A0D000BFA74 /* Project object */ = {
			isa = PBXProject;
			attributes = {
				LastUpgradeCheck = 1010;
				ORGANIZATIONNAME = bigfish;
				TargetAttributes = {
					FF7F042E218D3A0D000BFA74 = {
						CreatedOnToolsVersion = 10.1;
					};
					FF7F0446218D3A0E000BFA74 = {
						CreatedOnToolsVersion = 10.1;
						TestTargetID = FF7F042E218D3A0D000BFA74;
					};
				};
			};
			buildConfigurationList = FF7F042A218D3A0D000BFA74 /* Build configuration list for PBXProject "videoPlayer" */;
			compatibilityVersion = "Xcode 9.3";
			developmentRegion = en;
			hasScannedForEncodings = 0;
			knownRegions = (
				en,
				Base,
			);
			mainGroup = FF7F0426218D3A0D000BFA74;
			productRefGroup = FF7F0430218D3A0D000BFA74 /* Products */;
			projectDirPath = "";
			projectRoot = "";
			targets = (
				FF7F042E218D3A0D000BFA74 /* videoPlayer */,
				FF7F0446218D3A0E000BFA74 /* videoPlayerTests */,
			);
		};
/* End PBXProject section */

/* Begin PBXResourcesBuildPhase section */
		FF7F042D218D3A0D000BFA74 /* Resources */ = {
			isa = PBXResourcesBuildPhase;
			buildActionMask = 2147483647;
			files = (
				FF6CD9D1219AB28E0089A198 /* ViewController.xib in Resources */,
				FF7F043F218D3A0E000BFA74 /* LaunchScreen.storyboard in Resources */,
				FF7F043C218D3A0E000BFA74 /* Assets.xcassets in Resources */,
				FF6CD9D4219AB6500089A198 /* test.flv in Resources */,
				FF7F043A218D3A0D000BFA74 /* Main.storyboard in Resources */,
			);
			runOnlyForDeploymentPostprocessing = 0;
		};
		FF7F0445218D3A0E000BFA74 /* Resources */ = {
			isa = PBXResourcesBuildPhase;
			buildActionMask = 2147483647;
			files = (
				FF6CD9D5219AB6500089A198 /* test.flv in Resources */,
				FF6CD9D2219AB28E0089A198 /* ViewController.xib in Resources */,
			);
			runOnlyForDeploymentPostprocessing = 0;
		};
/* End PBXResourcesBuildPhase section */

/* Begin PBXSourcesBuildPhase section */
		FF7F042B218D3A0D000BFA74 /* Sources */ = {
			isa = PBXSourcesBuildPhase;
			buildActionMask = 2147483647;
			files = (
				FF6CD9C6219A5C810089A198 /* VideoPlayerViewController.m in Sources */,
				FF6CD9CE219A7B1A0089A198 /* LoadingView.m in Sources */,
				FF0ADC2721952B090016074F /* VideoOutput.m in Sources */,
				FF0ADC2C21952F9C0016074F /* BaseEffectFilter.m in Sources */,
				FF0ADC2321951C500016074F /* AudioOutput.m in Sources */,
				FF0ADC1F21951C230016074F /* ELAudioSession.m in Sources */,
				FF66158A219965310068EB11 /* CommonUtil.m in Sources */,
				FF7F0437218D3A0D000BFA74 /* ViewController.m in Sources */,
				FF66158E219966900068EB11 /* AVSynchronizer.m in Sources */,
				FF7F0442218D3A0E000BFA74 /* main.m in Sources */,
				FF661581219922700068EB11 /* YUVFrameCopier.m in Sources */,
				FF0ADC1B21951B5E0016074F /* AVAudioSession+RouteUtils.m in Sources */,
				FFB93300218FDAB700CD2100 /* VideoDecoder.m in Sources */,
				FF6CD9CA219A7AF80089A198 /* ELVideoViewPlayerController.m in Sources */,
				FF09E05B2196881100271171 /* DirectPassRenderer.m in Sources */,
				FF7F0434218D3A0D000BFA74 /* AppDelegate.m in Sources */,
				FF661585219924650068EB11 /* ContrastEnhancerFilter.m in Sources */,
			);
			runOnlyForDeploymentPostprocessing = 0;
		};
		FF7F0443218D3A0E000BFA74 /* Sources */ = {
			isa = PBXSourcesBuildPhase;
			buildActionMask = 2147483647;
			files = (
				FF66158F219966900068EB11 /* AVSynchronizer.m in Sources */,
				FF6CD9CF219A7B1A0089A198 /* LoadingView.m in Sources */,
				FF09E05C2196881100271171 /* DirectPassRenderer.m in Sources */,
				FF0ADC2821952B090016074F /* VideoOutput.m in Sources */,
				FF6CD9C7219A5C810089A198 /* VideoPlayerViewController.m in Sources */,
				FF0ADC1C21951B5E0016074F /* AVAudioSession+RouteUtils.m in Sources */,
				FFB93301218FDAB700CD2100 /* VideoDecoder.m in Sources */,
				FF661582219922700068EB11 /* YUVFrameCopier.m in Sources */,
				FF0ADC2D21952F9C0016074F /* BaseEffectFilter.m in Sources */,
				FF66158B219965310068EB11 /* CommonUtil.m in Sources */,
				FF0ADC2021951C230016074F /* ELAudioSession.m in Sources */,
				FF661586219924650068EB11 /* ContrastEnhancerFilter.m in Sources */,
				FF0ADC2421951C500016074F /* AudioOutput.m in Sources */,
				FF6CD9CB219A7AF80089A198 /* ELVideoViewPlayerController.m in Sources */,
				FF7F044C218D3A0E000BFA74 /* videoPlayerTests.m in Sources */,
			);
			runOnlyForDeploymentPostprocessing = 0;
		};
/* End PBXSourcesBuildPhase section */

/* Begin PBXTargetDependency section */
		FF7F0449218D3A0E000BFA74 /* PBXTargetDependency */ = {
			isa = PBXTargetDependency;
			target = FF7F042E218D3A0D000BFA74 /* videoPlayer */;
			targetProxy = FF7F0448218D3A0E000BFA74 /* PBXContainerItemProxy */;
		};
/* End PBXTargetDependency section */

/* Begin PBXVariantGroup section */
		FF7F0438218D3A0D000BFA74 /* Main.storyboard */ = {
			isa = PBXVariantGroup;
			children = (
				FF7F0439218D3A0D000BFA74 /* Base */,
			);
			name = Main.storyboard;
			sourceTree = "<group>";
		};
		FF7F043D218D3A0E000BFA74 /* LaunchScreen.storyboard */ = {
			isa = PBXVariantGroup;
			children = (
				FF7F043E218D3A0E000BFA74 /* Base */,
			);
			name = LaunchScreen.storyboard;
			sourceTree = "<group>";
		};
/* End PBXVariantGroup section */

/* Begin XCBuildConfiguration section */
		FF7F044E218D3A0E000BFA74 /* Debug */ = {
			isa = XCBuildConfiguration;
			buildSettings = {
				ALWAYS_SEARCH_USER_PATHS = NO;
				CLANG_ANALYZER_NONNULL = YES;
				CLANG_ANALYZER_NUMBER_OBJECT_CONVERSION = YES_AGGRESSIVE;
				CLANG_CXX_LANGUAGE_STANDARD = "gnu++0x";
				CLANG_CXX_LIBRARY = "libc++";
				CLANG_ENABLE_MODULES = YES;
				CLANG_ENABLE_OBJC_ARC = YES;
				CLANG_ENABLE_OBJC_WEAK = YES;
				CLANG_WARN_BLOCK_CAPTURE_AUTORELEASING = YES;
				CLANG_WARN_BOOL_CONVERSION = YES;
				CLANG_WARN_COMMA = YES;
				CLANG_WARN_CONSTANT_CONVERSION = YES;
				CLANG_WARN_DEPRECATED_OBJC_IMPLEMENTATIONS = YES;
				CLANG_WARN_DIRECT_OBJC_ISA_USAGE = YES_ERROR;
				CLANG_WARN_DOCUMENTATION_COMMENTS = YES;
				CLANG_WARN_EMPTY_BODY = YES;
				CLANG_WARN_ENUM_CONVERSION = YES;
				CLANG_WARN_INFINITE_RECURSION = YES;
				CLANG_WARN_INT_CONVERSION = YES;
				CLANG_WARN_NON_LITERAL_NULL_CONVERSION = YES;
				CLANG_WARN_OBJC_IMPLICIT_RETAIN_SELF = YES;
				CLANG_WARN_OBJC_LITERAL_CONVERSION = YES;
				CLANG_WARN_OBJC_ROOT_CLASS = YES_ERROR;
				CLANG_WARN_RANGE_LOOP_ANALYSIS = YES;
				CLANG_WARN_STRICT_PROTOTYPES = YES;
				CLANG_WARN_SUSPICIOUS_MOVE = YES;
				CLANG_WARN_UNGUARDED_AVAILABILITY = YES_AGGRESSIVE;
				CLANG_WARN_UNREACHABLE_CODE = YES;
				CLANG_WARN__DUPLICATE_METHOD_MATCH = YES;
				CODE_SIGN_IDENTITY = "iPhone Developer";
				COPY_PHASE_STRIP = NO;
				DEBUG_INFORMATION_FORMAT = dwarf;
				ENABLE_STRICT_OBJC_MSGSEND = YES;
				ENABLE_TESTABILITY = YES;
				GCC_C_LANGUAGE_STANDARD = gnu99;
				GCC_DYNAMIC_NO_PIC = NO;
				GCC_NO_COMMON_BLOCKS = YES;
				GCC_OPTIMIZATION_LEVEL = 0;
				GCC_PREPROCESSOR_DEFINITIONS = (
					"DEBUG=1",
					"$(inherited)",
				);
				GCC_WARN_64_TO_32_BIT_CONVERSION = YES;
				GCC_WARN_ABOUT_RETURN_TYPE = YES_ERROR;
				GCC_WARN_UNDECLARED_SELECTOR = YES;
				GCC_WARN_UNINITIALIZED_AUTOS = YES_AGGRESSIVE;
				GCC_WARN_UNUSED_FUNCTION = YES;
				GCC_WARN_UNUSED_VARIABLE = YES;
				IPHONEOS_DEPLOYMENT_TARGET = 9.0;
				MTL_ENABLE_DEBUG_INFO = INCLUDE_SOURCE;
				MTL_FAST_MATH = YES;
				ONLY_ACTIVE_ARCH = YES;
				SDKROOT = iphoneos;
			};
			name = Debug;
		};
		FF7F044F218D3A0E000BFA74 /* Release */ = {
			isa = XCBuildConfiguration;
			buildSettings = {
				ALWAYS_SEARCH_USER_PATHS = NO;
				CLANG_ANALYZER_NONNULL = YES;
				CLANG_ANALYZER_NUMBER_OBJECT_CONVERSION = YES_AGGRESSIVE;
				CLANG_CXX_LANGUAGE_STANDARD = "gnu++0x";
				CLANG_CXX_LIBRARY = "libc++";
				CLANG_ENABLE_MODULES = YES;
				CLANG_ENABLE_OBJC_ARC = YES;
				CLANG_ENABLE_OBJC_WEAK = YES;
				CLANG_WARN_BLOCK_CAPTURE_AUTORELEASING = YES;
				CLANG_WARN_BOOL_CONVERSION = YES;
				CLANG_WARN_COMMA = YES;
				CLANG_WARN_CONSTANT_CONVERSION = YES;
				CLANG_WARN_DEPRECATED_OBJC_IMPLEMENTATIONS = YES;
				CLANG_WARN_DIRECT_OBJC_ISA_USAGE = YES_ERROR;
				CLANG_WARN_DOCUMENTATION_COMMENTS = YES;
				CLANG_WARN_EMPTY_BODY = YES;
				CLANG_WARN_ENUM_CONVERSION = YES;
				CLANG_WARN_INFINITE_RECURSION = YES;
				CLANG_WARN_INT_CONVERSION = YES;
				CLANG_WARN_NON_LITERAL_NULL_CONVERSION = YES;
				CLANG_WARN_OBJC_IMPLICIT_RETAIN_SELF = YES;
				CLANG_WARN_OBJC_LITERAL_CONVERSION = YES;
				CLANG_WARN_OBJC_ROOT_CLASS = YES_ERROR;
				CLANG_WARN_RANGE_LOOP_ANALYSIS = YES;
				CLANG_WARN_STRICT_PROTOTYPES = YES;
				CLANG_WARN_SUSPICIOUS_MOVE = YES;
				CLANG_WARN_UNGUARDED_AVAILABILITY = YES_AGGRESSIVE;
				CLANG_WARN_UNREACHABLE_CODE = YES;
				CLANG_WARN__DUPLICATE_METHOD_MATCH = YES;
				CODE_SIGN_IDENTITY = "iPhone Developer";
				COPY_PHASE_STRIP = NO;
				DEBUG_INFORMATION_FORMAT = "dwarf-with-dsym";
				ENABLE_NS_ASSERTIONS = NO;
				ENABLE_STRICT_OBJC_MSGSEND = YES;
				GCC_C_LANGUAGE_STANDARD = gnu99;
				GCC_NO_COMMON_BLOCKS = YES;
				GCC_WARN_64_TO_32_BIT_CONVERSION = YES;
				GCC_WARN_ABOUT_RETURN_TYPE = YES_ERROR;
				GCC_WARN_UNDECLARED_SELECTOR = YES;
				GCC_WARN_UNINITIALIZED_AUTOS = YES_AGGRESSIVE;
				GCC_WARN_UNUSED_FUNCTION = YES;
				GCC_WARN_UNUSED_VARIABLE = YES;
				IPHONEOS_DEPLOYMENT_TARGET = 9.0;
				MTL_ENABLE_DEBUG_INFO = NO;
				MTL_FAST_MATH = YES;
				SDKROOT = iphoneos;
				VALIDATE_PRODUCT = YES;
			};
			name = Release;
		};
		FF7F0451218D3A0E000BFA74 /* Debug */ = {
			isa = XCBuildConfiguration;
			buildSettings = {
				ASSETCATALOG_COMPILER_APPICON_NAME = AppIcon;
				CLANG_CXX_LANGUAGE_STANDARD = "gnu++0x";
				CLANG_WARN_DOCUMENTATION_COMMENTS = YES;
				CODE_SIGN_STYLE = Automatic;
				DEVELOPMENT_TEAM = 882QX692N8;
				GCC_C_LANGUAGE_STANDARD = gnu99;
				HEADER_SEARCH_PATHS = "$(PROJECT_DIR)/videoPlayer/FFmpeg402/include";
				INFOPLIST_FILE = videoPlayer/Info.plist;
				LD_RUNPATH_SEARCH_PATHS = (
					"$(inherited)",
					"@executable_path/Frameworks",
				);
				LIBRARY_SEARCH_PATHS = (
					"$(inherited)",
					"$(PROJECT_DIR)/videoPlayer/FFmpeg402/lib",
				);
				OTHER_LDFLAGS = "";
				PRODUCT_BUNDLE_IDENTIFIER = bigfish.videoPlayer;
				PRODUCT_NAME = "$(TARGET_NAME)";
				TARGETED_DEVICE_FAMILY = "1,2";
				WARNING_LDFLAGS = "";
			};
			name = Debug;
		};
		FF7F0452218D3A0E000BFA74 /* Release */ = {
			isa = XCBuildConfiguration;
			buildSettings = {
				ASSETCATALOG_COMPILER_APPICON_NAME = AppIcon;
				CLANG_CXX_LANGUAGE_STANDARD = "gnu++0x";
				CLANG_WARN_DOCUMENTATION_COMMENTS = YES;
				CODE_SIGN_STYLE = Automatic;
				DEVELOPMENT_TEAM = 882QX692N8;
				GCC_C_LANGUAGE_STANDARD = gnu99;
				HEADER_SEARCH_PATHS = "$(PROJECT_DIR)/videoPlayer/FFmpeg402/include";
				INFOPLIST_FILE = videoPlayer/Info.plist;
				LD_RUNPATH_SEARCH_PATHS = (
					"$(inherited)",
					"@executable_path/Frameworks",
				);
				LIBRARY_SEARCH_PATHS = (
					"$(inherited)",
					"$(PROJECT_DIR)/videoPlayer/FFmpeg402/lib",
				);
				OTHER_LDFLAGS = "";
				PRODUCT_BUNDLE_IDENTIFIER = bigfish.videoPlayer;
				PRODUCT_NAME = "$(TARGET_NAME)";
				TARGETED_DEVICE_FAMILY = "1,2";
				WARNING_LDFLAGS = "";
			};
			name = Release;
		};
		FF7F0454218D3A0E000BFA74 /* Debug */ = {
			isa = XCBuildConfiguration;
			buildSettings = {
				BUNDLE_LOADER = "$(TEST_HOST)";
				CLANG_WARN_DOCUMENTATION_COMMENTS = YES;
				CODE_SIGN_STYLE = Automatic;
				DEVELOPMENT_TEAM = 882QX692N8;
				INFOPLIST_FILE = videoPlayerTests/Info.plist;
				LD_RUNPATH_SEARCH_PATHS = (
					"$(inherited)",
					"@executable_path/Frameworks",
					"@loader_path/Frameworks",
				);
				LIBRARY_SEARCH_PATHS = (
					"$(inherited)",
					"$(PROJECT_DIR)/videoPlayer/FFmpeg402/lib",
				);
				PRODUCT_BUNDLE_IDENTIFIER = bigfish.videoPlayerTests;
				PRODUCT_NAME = "$(TARGET_NAME)";
				TARGETED_DEVICE_FAMILY = "1,2";
				TEST_HOST = "$(BUILT_PRODUCTS_DIR)/videoPlayer.app/videoPlayer";
			};
			name = Debug;
		};
		FF7F0455218D3A0E000BFA74 /* Release */ = {
			isa = XCBuildConfiguration;
			buildSettings = {
				BUNDLE_LOADER = "$(TEST_HOST)";
				CLANG_WARN_DOCUMENTATION_COMMENTS = YES;
				CODE_SIGN_STYLE = Automatic;
				DEVELOPMENT_TEAM = 882QX692N8;
				INFOPLIST_FILE = videoPlayerTests/Info.plist;
				LD_RUNPATH_SEARCH_PATHS = (
					"$(inherited)",
					"@executable_path/Frameworks",
					"@loader_path/Frameworks",
				);
				LIBRARY_SEARCH_PATHS = (
					"$(inherited)",
					"$(PROJECT_DIR)/videoPlayer/FFmpeg402/lib",
				);
				PRODUCT_BUNDLE_IDENTIFIER = bigfish.videoPlayerTests;
				PRODUCT_NAME = "$(TARGET_NAME)";
				TARGETED_DEVICE_FAMILY = "1,2";
				TEST_HOST = "$(BUILT_PRODUCTS_DIR)/videoPlayer.app/videoPlayer";
			};
			name = Release;
		};
/* End XCBuildConfiguration section */

/* Begin XCConfigurationList section */
		FF7F042A218D3A0D000BFA74 /* Build configuration list for PBXProject "videoPlayer" */ = {
			isa = XCConfigurationList;
			buildConfigurations = (
				FF7F044E218D3A0E000BFA74 /* Debug */,
				FF7F044F218D3A0E000BFA74 /* Release */,
			);
			defaultConfigurationIsVisible = 0;
			defaultConfigurationName = Release;
		};
		FF7F0450218D3A0E000BFA74 /* Build configuration list for PBXNativeTarget "videoPlayer" */ = {
			isa = XCConfigurationList;
			buildConfigurations = (
				FF7F0451218D3A0E000BFA74 /* Debug */,
				FF7F0452218D3A0E000BFA74 /* Release */,
			);
			defaultConfigurationIsVisible = 0;
			defaultConfigurationName = Release;
		};
		FF7F0453218D3A0E000BFA74 /* Build configuration list for PBXNativeTarget "videoPlayerTests" */ = {
			isa = XCConfigurationList;
			buildConfigurations = (
				FF7F0454218D3A0E000BFA74 /* Debug */,
				FF7F0455218D3A0E000BFA74 /* Release */,
			);
			defaultConfigurationIsVisible = 0;
			defaultConfigurationName = Release;
		};
/* End XCConfigurationList section */
	};
	rootObject = FF7F0427218D3A0D000BFA74 /* Project object */;
}
